# This file is autogenerated, do not edit; changes may be undone by the next 'dep ensure'.


[[projects]]
  name = "github.com/go-redis/redis"
  packages = [".","internal","internal/consistenthash","internal/hashtag","internal/pool","internal/proto"]
  revision = "74d5147d860804ea34633071d0c91a7f4b0b5c3a"
  version = "v6.6.0"

[[projects]]
  branch = "master"
  name = "github.com/pquerna/ffjson"
  packages = ["ffjson","fflib/v1","fflib/v1/internal"]
  revision = "9a5203b7a07166f217f5f8177d5b16177acad3b2"

[solve-meta]
  analyzer-name = "dep"
  analyzer-version = 1
  inputs-digest = "9d7fb9d9f2d8ac28d037f84a1ce73ae2b351c31c2a0138b8bd5a7340e15cfdeb"
  solver-name = "gps-cdcl"
  solver-version = 1
